// !$*UTF8*$!
{
	archiveVersion = 1;
	classes = {
	};
	objectVersion = 46;
	objects = {

/* Begin PBXBuildFile section */
		50C03ADF1D4BC0200071FE33 /* AppDelegate.swift in Sources */ = {isa = PBXBuildFile; fileRef = 50C03ADE1D4BC0200071FE33 /* AppDelegate.swift */; };
		50C03AE11D4BC0200071FE33 /* ViewController.swift in Sources */ = {isa = PBXBuildFile; fileRef = 50C03AE01D4BC0200071FE33 /* ViewController.swift */; };
		50C03AE41D4BC0200071FE33 /* Main.storyboard in Resources */ = {isa = PBXBuildFile; fileRef = 50C03AE21D4BC0200071FE33 /* Main.storyboard */; };
		50C03AE61D4BC0200071FE33 /* Assets.xcassets in Resources */ = {isa = PBXBuildFile; fileRef = 50C03AE51D4BC0200071FE33 /* Assets.xcassets */; };
		50C03AE91D4BC0200071FE33 /* LaunchScreen.storyboard in Resources */ = {isa = PBXBuildFile; fileRef = 50C03AE71D4BC0200071FE33 /* LaunchScreen.storyboard */; };
/* End PBXBuildFile section */

/* Begin PBXFileReference section */
		50C03ADB1D4BC0200071FE33 /* HKEasyTimer.app */ = {isa = PBXFileReference; explicitFileType = wrapper.application; includeInIndex = 0; path = HKEasyTimer.app; sourceTree = BUILT_PRODUCTS_DIR; };
		50C03ADE1D4BC0200071FE33 /* AppDelegate.swift */ = {isa = PBXFileReference; lastKnownFileType = sourcecode.swift; path = AppDelegate.swift; sourceTree = "<group>"; };
		50C03AE01D4BC0200071FE33 /* ViewController.swift */ = {isa = PBXFileReference; lastKnownFileType = sourcecode.swift; path = ViewController.swift; sourceTree = "<group>"; };
		50C03AE31D4BC0200071FE33 /* Base */ = {isa = PBXFileReference; lastKnownFileType = file.storyboard; name = Base; path = Base.lproj/Main.storyboard; sourceTree = "<group>"; };
		50C03AE51D4BC0200071FE33 /* Assets.xcassets */ = {isa = PBXFileReference; lastKnownFileType = folder.assetcatalog; path = Assets.xcassets; sourceTree = "<group>"; };
		50C03AE81D4BC0200071FE33 /* Base */ = {isa = PBXFileReference; lastKnownFileType = file.storyboard; name = Base; path = Base.lproj/LaunchScreen.storyboard; sourceTree = "<group>"; };
		50C03AEA1D4BC0200071FE33 /* Info.plist */ = {isa = PBXFileReference; lastKnownFileType = text.plist.xml; path = Info.plist; sourceTree = "<group>"; };
/* End PBXFileReference section */

/* Begin PBXFrameworksBuildPhase section */
		50C03AD81D4BC0200071FE33 /* Frameworks */ = {
			isa = PBXFrameworksBuildPhase;
			buildActionMask = 2147483647;
			files = (
			);
			runOnlyForDeploymentPostprocessing = 0;
		};
/* End PBXFrameworksBuildPhase section */

/* Begin PBXGroup section */
		50C03AD21D4BC0200071FE33 = {
			isa = PBXGroup;
			children = (
				50C03ADD1D4BC0200071FE33 /* HKEasyTimer */,
				50C03ADC1D4BC0200071FE33 /* Products */,
			);
			sourceTree = "<group>";
		};
		50C03ADC1D4BC0200071FE33 /* Products */ = {
			isa = PBXGroup;
			children = (
				50C03ADB1D4BC0200071FE33 /* HKEasyTimer.app */,
			);
			name = Products;
			sourceTree = "<group>";
		};
		50C03ADD1D4BC0200071FE33 /* HKEasyTimer */ = {
			isa = PBXGroup;
			children = (
				50C03ADE1D4BC0200071FE33 /* AppDelegate.swift */,
				50C03AE01D4BC0200071FE33 /* ViewController.swift */,
				50C03AE21D4BC0200071FE33 /* Main.storyboard */,
				50C03AE51D4BC0200071FE33 /* Assets.xcassets */,
				50C03AE71D4BC0200071FE33 /* LaunchScreen.storyboard */,
				50C03AEA1D4BC0200071FE33 /* Info.plist */,
			);
			path = HKEasyTimer;
			sourceTree = "<group>";
		};
/* End PBXGroup section */

/* Begin PBXNativeTarget section */
		50C03ADA1D4BC0200071FE33 /* HKEasyTimer */ = {
			isa = PBXNativeTarget;
			buildConfigurationList = 50C03AED1D4BC0200071FE33 /* Build configuration list for PBXNativeTarget "HKEasyTimer" */;
			buildPhases = (
				50C03AD71D4BC0200071FE33 /* Sources */,
				50C03AD81D4BC0200071FE33 /* Frameworks */,
				50C03AD91D4BC0200071FE33 /* Resources */,
			);
			buildRules = (
			);
			dependencies = (
			);
			name = HKEasyTimer;
			productName = HKEasyTimer;
			productReference = 50C03ADB1D4BC0200071FE33 /* HKEasyTimer.app */;
			productType = "com.apple.product-type.application";
		};
/* End PBXNativeTarget section */

/* Begin PBXProject section */
		50C03AD31D4BC0200071FE33 /* Project object */ = {
			isa = PBXProject;
			attributes = {
				LastSwiftUpdateCheck = 0730;
				LastUpgradeCheck = 0730;
				ORGANIZATIONNAME = mhk;
				TargetAttributes = {
					50C03ADA1D4BC0200071FE33 = {
						CreatedOnToolsVersion = 7.3;
					};
				};
			};
			buildConfigurationList = 50C03AD61D4BC0200071FE33 /* Build configuration list for PBXProject "HKEasyTimer" */;
			compatibilityVersion = "Xcode 3.2";
			developmentRegion = English;
			hasScannedForEncodings = 0;
			knownRegions = (
				en,
				Base,
			);
			mainGroup = 50C03AD21D4BC0200071FE33;
			productRefGroup = 50C03ADC1D4BC0200071FE33 /* Products */;
			projectDirPath = "";
			projectRoot = "";
			targets = (
				50C03ADA1D4BC0200071FE33 /* HKEasyTimer */,
			);
		};
/* End PBXProject section */

/* Begin PBXResourcesBuildPhase section */
		50C03AD91D4BC0200071FE33 /* Resources */ = {
			isa = PBXResourcesBuildPhase;
			buildActionMask = 2147483647;
			files = (
				50C03AE91D4BC0200071FE33 /* LaunchScreen.storyboard in Resources */,
				50C03AE61D4BC0200071FE33 /* Assets.xcassets in Resources */,
				50C03AE41D4BC0200071FE33 /* Main.storyboard in Resources */,
			);
			runOnlyForDeploymentPostprocessing = 0;
		};
/* End PBXResourcesBuildPhase section */

/* Begin PBXSourcesBuildPhase section */
		50C03AD71D4BC0200071FE33 /* Sources */ = {
			isa = PBXSourcesBuildPhase;
			buildActionMask = 2147483647;
			files = (
				50C03AE11D4BC0200071FE33 /* ViewController.swift in Sources */,
				50C03ADF1D4BC0200071FE33 /* AppDelegate.swift in Sources */,
			);
			runOnlyForDeploymentPostprocessing = 0;
		};
/* End PBXSourcesBuildPhase section */

/* Begin PBXVariantGroup section */
		50C03AE21D4BC0200071FE33 /* Main.storyboard */ = {
			isa = PBXVariantGroup;
			children = (
				50C03AE31D4BC0200071FE33 /* Base */,
			);
			name = Main.storyboard;
			sourceTree = "<group>";
		};
		50C03AE71D4BC0200071FE33 /* LaunchScreen.storyboard */ = {
			isa = PBXVariantGroup;
			children = (
				50C03AE81D4BC0200071FE33 /* Base */,
			);
			name = LaunchScreen.storyboard;
			sourceTree = "<group>";
		};
/* End PBXVariantGroup section */

/* Begin XCBuildConfiguration section */
		50C03AEB1D4BC0200071FE33 /* Debug */ = {
			isa = XCBuildConfiguration;
			buildSettings = {
				ALWAYS_SEARCH_USER_PATHS = NO;
				CLANG_ANALYZER_NONNULL = YES;
				CLANG_CXX_LANGUAGE_STANDARD = "gnu++0x";
				CLANG_CXX_LIBRARY = "libc++";
				CLANG_ENABLE_MODULES = YES;
				CLANG_ENABLE_OBJC_ARC = YES;
				CLANG_WARN_BOOL_CONVERSION = YES;
				CLANG_WARN_CONSTANT_CONVERSION = YES;
				CLANG_WARN_DIRECT_OBJC_ISA_USAGE = YES_ERROR;
				CLANG_WARN_EMPTY_BODY = YES;
				CLANG_WARN_ENUM_CONVERSION = YES;
				CLANG_WARN_INT_CONVERSION = YES;
				CLANG_WARN_OBJC_ROOT_CLASS = YES_ERROR;
				CLANG_WARN_UNREACHABLE_CODE = YES;
				CLANG_WARN__DUPLICATE_METHOD_MATCH = YES;
				"CODE_SIGN_IDENTITY[sdk=iphoneos*]" = "iPhone Developer";
				COPY_PHASE_STRIP = NO;
				DEBUG_INFORMATION_FORMAT = dwarf;
				ENABLE_STRICT_OBJC_MSGSEND = YES;
				ENABLE_TESTABILITY = YES;
				GCC_C_LANGUAGE_STANDARD = gnu99;
				GCC_DYNAMIC_NO_PIC = NO;
				GCC_NO_COMMON_BLOCKS = YES;
				GCC_OPTIMIZATION_LEVEL = 0;
				GCC_PREPROCESSOR_DEFINITIONS = (
					"DEBUG=1",
					"$(inherited)",
				);
				GCC_WARN_64_TO_32_BIT_CONVERSION = YES;
				GCC_WARN_ABOUT_RETURN_TYPE = YES_ERROR;
				GCC_WARN_UNDECLARED_SELECTOR = YES;
				GCC_WARN_UNINITIALIZED_AUTOS = YES_AGGRESSIVE;
				GCC_WARN_UNUSED_FUNCTION = YES;
				GCC_WARN_UNUSED_VARIABLE = YES;
				IPHONEOS_DEPLOYMENT_TARGET = 9.3;
				MTL_ENABLE_DEBUG_INFO = YES;
				ONLY_ACTIVE_ARCH = YES;
				SDKROOT = iphoneos;
				SWIFT_OPTIMIZATION_LEVEL = "-Onone";
			};
			name = Debug;
		};
		50C03AEC1D4BC0200071FE33 /* Release */ = {
			isa = XCBuildConfiguration;
			buildSettings = {
				ALWAYS_SEARCH_USER_PATHS = NO;
				CLANG_ANALYZER_NONNULL = YES;
				CLANG_CXX_LANGUAGE_STANDARD = "gnu++0x";
				CLANG_CXX_LIBRARY = "libc++";
				CLANG_ENABLE_MODULES = YES;
				CLANG_ENABLE_OBJC_ARC = YES;
				CLANG_WARN_BOOL_CONVERSION = YES;
				CLANG_WARN_CONSTANT_CONVERSION = YES;
				CLANG_WARN_DIRECT_OBJC_ISA_USAGE = YES_ERROR;
				CLANG_WARN_EMPTY_BODY = YES;
				CLANG_WARN_ENUM_CONVERSION = YES;
				CLANG_WARN_INT_CONVERSION = YES;
				CLANG_WARN_OBJC_ROOT_CLASS = YES_ERROR;
				CLANG_WARN_UNREACHABLE_CODE = YES;
				CLANG_WARN__DUPLICATE_METHOD_MATCH = YES;
				"CODE_SIGN_IDENTITY[sdk=iphoneos*]" = "iPhone Developer";
				COPY_PHASE_STRIP = NO;
				DEBUG_INFORMATION_FORMAT = "dwarf-with-dsym";
				ENABLE_NS_ASSERTIONS = NO;
				ENABLE_STRICT_OBJC_MSGSEND = YES;
				GCC_C_LANGUAGE_STANDARD = gnu99;
				GCC_NO_COMMON_BLOCKS = YES;
				GCC_WARN_64_TO_32_BIT_CONVERSION = YES;
				GCC_WARN_ABOUT_RETURN_TYPE = YES_ERROR;
				GCC_WARN_UNDECLARED_SELECTOR = YES;
				GCC_WARN_UNINITIALIZED_AUTOS = YES_AGGRESSIVE;
				GCC_WARN_UNUSED_FUNCTION = YES;
				GCC_WARN_UNUSED_VARIABLE = YES;
				IPHONEOS_DEPLOYMENT_TARGET = 9.3;
				MTL_ENABLE_DEBUG_INFO = NO;
				SDKROOT = iphoneos;
				VALIDATE_PRODUCT = YES;
			};
			name = Release;
		};
		50C03AEE1D4BC0200071FE33 /* Debug */ = {
			isa = XCBuildConfiguration;
			buildSettings = {
				ASSETCATALOG_COMPILER_APPICON_NAME = AppIcon;
				INFOPLIST_FILE = HKEasyTimer/Info.plist;
				LD_RUNPATH_SEARCH_PATHS = "$(inherited) @executable_path/Frameworks";
				PRODUCT_BUNDLE_IDENTIFIER = com.mhk.ios.HKEasyTimer;
				PRODUCT_NAME = "$(TARGET_NAME)";
			};
			name = Debug;
		};
		50C03AEF1D4BC0200071FE33 /* Release */ = {
			isa = XCBuildConfiguration;
			buildSettings = {
				ASSETCATALOG_COMPILER_APPICON_NAME = AppIcon;
				INFOPLIST_FILE = HKEasyTimer/Info.plist;
				LD_RUNPATH_SEARCH_PATHS = "$(inherited) @executable_path/Frameworks";
				PRODUCT_BUNDLE_IDENTIFIER = com.mhk.ios.HKEasyTimer;
				PRODUCT_NAME = "$(TARGET_NAME)";
			};
			name = Release;
		};
/* End XCBuildConfiguration section */

/* Begin XCConfigurationList section */
		50C03AD61D4BC0200071FE33 /* Build configuration list for PBXProject "HKEasyTimer" */ = {
			isa = XCConfigurationList;
			buildConfigurations = (
				50C03AEB1D4BC0200071FE33 /* Debug */,
				50C03AEC1D4BC0200071FE33 /* Release */,
			);
			defaultConfigurationIsVisible = 0;
			defaultConfigurationName = Release;
		};
		50C03AED1D4BC0200071FE33 /* Build configuration list for PBXNativeTarget "HKEasyTimer" */ = {
			isa = XCConfigurationList;
			buildConfigurations = (
				50C03AEE1D4BC0200071FE33 /* Debug */,
				50C03AEF1D4BC0200071FE33 /* Release */,
			);
			defaultConfigurationIsVisible = 0;
		};
/* End XCConfigurationList section */
	};
	rootObject = 50C03AD31D4BC0200071FE33 /* Project object */;
}
